{
  "version": 4,
  "terraform_version": "1.0.5",
  "serial": 48,
  "lineage": "3bad77b6-75b0-3122-5827-1f2440b256b1",
  "outputs": {},
  "resources": [
    {
      "mode": "managed",
      "type": "google_compute_address",
      "name": "static",
      "provider": "provider[\"registry.terraform.io/hashicorp/google\"]",
      "instances": [
        {
          "index_key": 0,
          "schema_version": 0,
          "attributes": {
            "address": "34.74.31.18",
            "address_type": "EXTERNAL",
            "creation_timestamp": "2021-09-04T10:25:56.337-07:00",
            "description": "",
            "id": "projects/starry-battery-311303/regions/us-east1/addresses/vm-pip-0",
            "name": "vm-pip-0",
            "network": "",
            "network_tier": "PREMIUM",
            "prefix_length": 0,
            "project": "starry-battery-311303",
            "purpose": "",
            "region": "us-east1",
            "self_link": "https://www.googleapis.com/compute/v1/projects/starry-battery-311303/regions/us-east1/addresses/vm-pip-0",
            "subnetwork": "",
            "timeouts": null,
            "users": []
          },
          "sensitive_attributes": [],
          "private": "eyJlMmJmYjczMC1lY2FhLTExZTYtOGY4OC0zNDM2M2JjN2M0YzAiOnsiY3JlYXRlIjoyNDAwMDAwMDAwMDAsImRlbGV0ZSI6MjQwMDAwMDAwMDAwfX0=",
          "dependencies": [
            "google_compute_firewall.ssh-rule",
            "google_compute_network.vpc_network"
          ]
        },
        {
          "index_key": 1,
          "schema_version": 0,
          "attributes": {
            "address": "35.196.178.110",
            "address_type": "EXTERNAL",
            "creation_timestamp": "2021-09-04T10:25:56.309-07:00",
            "description": "",
            "id": "projects/starry-battery-311303/regions/us-east1/addresses/vm-pip-1",
            "name": "vm-pip-1",
            "network": "",
            "network_tier": "PREMIUM",
            "prefix_length": 0,
            "project": "starry-battery-311303",
            "purpose": "",
            "region": "us-east1",
            "self_link": "https://www.googleapis.com/compute/v1/projects/starry-battery-311303/regions/us-east1/addresses/vm-pip-1",
            "subnetwork": "",
            "timeouts": null,
            "users": []
          },
          "sensitive_attributes": [],
          "private": "eyJlMmJmYjczMC1lY2FhLTExZTYtOGY4OC0zNDM2M2JjN2M0YzAiOnsiY3JlYXRlIjoyNDAwMDAwMDAwMDAsImRlbGV0ZSI6MjQwMDAwMDAwMDAwfX0=",
          "dependencies": [
            "google_compute_firewall.ssh-rule",
            "google_compute_network.vpc_network"
          ]
        },
        {
          "index_key": 2,
          "schema_version": 0,
          "attributes": {
            "address": "35.227.102.169",
            "address_type": "EXTERNAL",
            "creation_timestamp": "2021-09-04T10:25:56.310-07:00",
            "description": "",
            "id": "projects/starry-battery-311303/regions/us-east1/addresses/vm-pip-2",
            "name": "vm-pip-2",
            "network": "",
            "network_tier": "PREMIUM",
            "prefix_length": 0,
            "project": "starry-battery-311303",
            "purpose": "",
            "region": "us-east1",
            "self_link": "https://www.googleapis.com/compute/v1/projects/starry-battery-311303/regions/us-east1/addresses/vm-pip-2",
            "subnetwork": "",
            "timeouts": null,
            "users": []
          },
          "sensitive_attributes": [],
          "private": "eyJlMmJmYjczMC1lY2FhLTExZTYtOGY4OC0zNDM2M2JjN2M0YzAiOnsiY3JlYXRlIjoyNDAwMDAwMDAwMDAsImRlbGV0ZSI6MjQwMDAwMDAwMDAwfX0=",
          "dependencies": [
            "google_compute_firewall.ssh-rule",
            "google_compute_network.vpc_network"
          ]
        }
      ]
    },
    {
      "mode": "managed",
      "type": "google_compute_firewall",
      "name": "ssh-rule",
      "provider": "provider[\"registry.terraform.io/hashicorp/google\"]",
      "instances": [
        {
          "schema_version": 1,
          "attributes": {
            "allow": [
              {
                "ports": [
                  "22"
                ],
                "protocol": "tcp"
              }
            ],
            "creation_timestamp": "2021-09-04T10:25:45.150-07:00",
            "deny": [],
            "description": "",
            "destination_ranges": [],
            "direction": "INGRESS",
            "disabled": false,
            "enable_logging": null,
            "id": "projects/starry-battery-311303/global/firewalls/tf-allow-ssh",
            "log_config": [],
            "name": "tf-allow-ssh",
            "network": "https://www.googleapis.com/compute/v1/projects/starry-battery-311303/global/networks/terraform-network-2",
            "priority": 1000,
            "project": "starry-battery-311303",
            "self_link": "https://www.googleapis.com/compute/v1/projects/starry-battery-311303/global/firewalls/tf-allow-ssh",
            "source_ranges": [
              "0.0.0.0/0"
            ],
            "source_service_accounts": null,
            "source_tags": null,
            "target_service_accounts": null,
            "target_tags": [
              "backend-vm"
            ],
            "timeouts": null
          },
          "sensitive_attributes": [],
          "private": "eyJlMmJmYjczMC1lY2FhLTExZTYtOGY4OC0zNDM2M2JjN2M0YzAiOnsiY3JlYXRlIjoyNDAwMDAwMDAwMDAsImRlbGV0ZSI6MjQwMDAwMDAwMDAwLCJ1cGRhdGUiOjI0MDAwMDAwMDAwMH0sInNjaGVtYV92ZXJzaW9uIjoiMSJ9",
          "dependencies": [
            "google_compute_network.vpc_network"
          ]
        }
      ]
    },
    {
      "mode": "managed",
      "type": "google_compute_instance",
      "name": "backendcluster",
      "provider": "provider[\"registry.terraform.io/hashicorp/google\"]",
      "instances": [
        {
          "index_key": 0,
          "schema_version": 6,
          "attributes": {
            "advanced_machine_features": [],
            "allow_stopping_for_update": null,
            "attached_disk": [],
            "boot_disk": [
              {
                "auto_delete": true,
                "device_name": "persistent-disk-0",
                "disk_encryption_key_raw": "",
                "disk_encryption_key_sha256": "",
                "initialize_params": [
                  {
                    "image": "https://www.googleapis.com/compute/v1/projects/centos-cloud/global/images/centos-7-v20210817",
                    "labels": {},
                    "size": 20,
                    "type": "pd-standard"
                  }
                ],
                "kms_key_self_link": "",
                "mode": "READ_WRITE",
                "source": "https://www.googleapis.com/compute/v1/projects/starry-battery-311303/zones/us-east1-b/disks/backendvm-0"
              }
            ],
            "can_ip_forward": false,
            "confidential_instance_config": [],
            "cpu_platform": "Intel Haswell",
            "current_status": "RUNNING",
            "deletion_protection": false,
            "description": "",
            "desired_status": null,
            "enable_display": false,
            "guest_accelerator": [],
            "hostname": "",
            "id": "projects/starry-battery-311303/zones/us-east1-b/instances/backendvm-0",
            "instance_id": "5489319759165919967",
            "label_fingerprint": "42WmSpB8rSM=",
            "labels": null,
            "machine_type": "f1-micro",
            "metadata": {
              "ssh-keys": "ssh-rsa AAAAB3NzaC1yc2EAAAADAQABAAABgQDWnhZWt0DaxK8lNSw5lSGkU3Ukc+0FKHQ7VlM4m1FNIBV4IK22M+MkwzxjKTXJb7yR2kNc30x16q34EeQBaGQ1UBxDWKAB8NqjAbAvHuitw4VQxzdedHuFPyfOBkrRpzsNzye8U1GJAUemkEokg2SVlZewucZ8d4I/9QTP/gGxL7XgxRiDsngWgJqBdIbBxo2C2ywp9mG7D4z5PcRIGpRiIWb6sWYfwxVSud3okyMvb6PGWo1QPddQLXxF6RyUpdi5ZJHeedrp+3Q7YAAMXTBGNxEcPESOvOIR2Qu+GmFlJdGRowr8XSIjgqxii+MKLD25l2AadPHtiYgYiktVdeW/aSEG9KUjQgqZiCPDGbyPJfz17+bTylMRAaMtN8XJj9fV8DuZJcl8W/LJ2Z46Iv0f6r573kjpJkUJZP77HQO+Vu2djqSfESUQIwwIeH1u62cp1tZpNN258goDGHPfIxJmGyT7W0nNd+0W46BFASscqZvJDmg70jDj093fiYqYVsk= basatrij@Bambangs-MacBook-Pro.local\n"
            },
            "metadata_fingerprint": "VQ7fRRWvQ84=",
            "metadata_startup_script": "",
            "min_cpu_platform": "",
            "name": "backendvm-0",
            "network_interface": [
              {
                "access_config": [
                  {
                    "nat_ip": "34.74.31.18",
                    "network_tier": "PREMIUM",
                    "public_ptr_domain_name": ""
                  }
                ],
                "alias_ip_range": [],
                "name": "nic0",
                "network": "https://www.googleapis.com/compute/v1/projects/starry-battery-311303/global/networks/terraform-network-2",
                "network_ip": "10.142.0.3",
                "nic_type": "",
                "subnetwork": "https://www.googleapis.com/compute/v1/projects/starry-battery-311303/regions/us-east1/subnetworks/terraform-network-2",
                "subnetwork_project": "starry-battery-311303"
              }
            ],
            "project": "starry-battery-311303",
            "reservation_affinity": [],
            "resource_policies": null,
            "scheduling": [
              {
                "automatic_restart": true,
                "min_node_cpus": 0,
                "node_affinities": [],
                "on_host_maintenance": "MIGRATE",
                "preemptible": false
              }
            ],
            "scratch_disk": [],
            "self_link": "https://www.googleapis.com/compute/v1/projects/starry-battery-311303/zones/us-east1-b/instances/backendvm-0",
            "service_account": [],
            "shielded_instance_config": [
              {
                "enable_integrity_monitoring": true,
                "enable_secure_boot": false,
                "enable_vtpm": true
              }
            ],
            "tags": [
              "backend-vm"
            ],
            "tags_fingerprint": "jOOSrk9a6pY=",
            "timeouts": null,
            "zone": "us-east1-b"
          },
          "sensitive_attributes": [],
          "private": "eyJlMmJmYjczMC1lY2FhLTExZTYtOGY4OC0zNDM2M2JjN2M0YzAiOnsiY3JlYXRlIjoxMjAwMDAwMDAwMDAwLCJkZWxldGUiOjEyMDAwMDAwMDAwMDAsInVwZGF0ZSI6MTIwMDAwMDAwMDAwMH0sInNjaGVtYV92ZXJzaW9uIjoiNiJ9",
          "dependencies": [
            "google_compute_address.static",
            "google_compute_firewall.ssh-rule",
            "google_compute_network.vpc_network"
          ]
        },
        {
          "index_key": 1,
          "schema_version": 6,
          "attributes": {
            "advanced_machine_features": [],
            "allow_stopping_for_update": null,
            "attached_disk": [],
            "boot_disk": [
              {
                "auto_delete": true,
                "device_name": "persistent-disk-0",
                "disk_encryption_key_raw": "",
                "disk_encryption_key_sha256": "",
                "initialize_params": [
                  {
                    "image": "https://www.googleapis.com/compute/v1/projects/centos-cloud/global/images/centos-7-v20210817",
                    "labels": {},
                    "size": 20,
                    "type": "pd-standard"
                  }
                ],
                "kms_key_self_link": "",
                "mode": "READ_WRITE",
                "source": "https://www.googleapis.com/compute/v1/projects/starry-battery-311303/zones/us-east1-b/disks/backendvm-1"
              }
            ],
            "can_ip_forward": false,
            "confidential_instance_config": [],
            "cpu_platform": "Intel Haswell",
            "current_status": "RUNNING",
            "deletion_protection": false,
            "description": "",
            "desired_status": null,
            "enable_display": false,
            "guest_accelerator": [],
            "hostname": "",
            "id": "projects/starry-battery-311303/zones/us-east1-b/instances/backendvm-1",
            "instance_id": "1676723796412601055",
            "label_fingerprint": "42WmSpB8rSM=",
            "labels": null,
            "machine_type": "f1-micro",
            "metadata": {
              "ssh-keys": "ssh-rsa AAAAB3NzaC1yc2EAAAADAQABAAABgQDWnhZWt0DaxK8lNSw5lSGkU3Ukc+0FKHQ7VlM4m1FNIBV4IK22M+MkwzxjKTXJb7yR2kNc30x16q34EeQBaGQ1UBxDWKAB8NqjAbAvHuitw4VQxzdedHuFPyfOBkrRpzsNzye8U1GJAUemkEokg2SVlZewucZ8d4I/9QTP/gGxL7XgxRiDsngWgJqBdIbBxo2C2ywp9mG7D4z5PcRIGpRiIWb6sWYfwxVSud3okyMvb6PGWo1QPddQLXxF6RyUpdi5ZJHeedrp+3Q7YAAMXTBGNxEcPESOvOIR2Qu+GmFlJdGRowr8XSIjgqxii+MKLD25l2AadPHtiYgYiktVdeW/aSEG9KUjQgqZiCPDGbyPJfz17+bTylMRAaMtN8XJj9fV8DuZJcl8W/LJ2Z46Iv0f6r573kjpJkUJZP77HQO+Vu2djqSfESUQIwwIeH1u62cp1tZpNN258goDGHPfIxJmGyT7W0nNd+0W46BFASscqZvJDmg70jDj093fiYqYVsk= basatrij@Bambangs-MacBook-Pro.local\n"
            },
            "metadata_fingerprint": "VQ7fRRWvQ84=",
            "metadata_startup_script": "",
            "min_cpu_platform": "",
            "name": "backendvm-1",
            "network_interface": [
              {
                "access_config": [
                  {
                    "nat_ip": "35.196.178.110",
                    "network_tier": "PREMIUM",
                    "public_ptr_domain_name": ""
                  }
                ],
                "alias_ip_range": [],
                "name": "nic0",
                "network": "https://www.googleapis.com/compute/v1/projects/starry-battery-311303/global/networks/terraform-network-2",
                "network_ip": "10.142.0.2",
                "nic_type": "",
                "subnetwork": "https://www.googleapis.com/compute/v1/projects/starry-battery-311303/regions/us-east1/subnetworks/terraform-network-2",
                "subnetwork_project": "starry-battery-311303"
              }
            ],
            "project": "starry-battery-311303",
            "reservation_affinity": [],
            "resource_policies": null,
            "scheduling": [
              {
                "automatic_restart": true,
                "min_node_cpus": 0,
                "node_affinities": [],
                "on_host_maintenance": "MIGRATE",
                "preemptible": false
              }
            ],
            "scratch_disk": [],
            "self_link": "https://www.googleapis.com/compute/v1/projects/starry-battery-311303/zones/us-east1-b/instances/backendvm-1",
            "service_account": [],
            "shielded_instance_config": [
              {
                "enable_integrity_monitoring": true,
                "enable_secure_boot": false,
                "enable_vtpm": true
              }
            ],
            "tags": [
              "backend-vm"
            ],
            "tags_fingerprint": "jOOSrk9a6pY=",
            "timeouts": null,
            "zone": "us-east1-b"
          },
          "sensitive_attributes": [],
          "private": "eyJlMmJmYjczMC1lY2FhLTExZTYtOGY4OC0zNDM2M2JjN2M0YzAiOnsiY3JlYXRlIjoxMjAwMDAwMDAwMDAwLCJkZWxldGUiOjEyMDAwMDAwMDAwMDAsInVwZGF0ZSI6MTIwMDAwMDAwMDAwMH0sInNjaGVtYV92ZXJzaW9uIjoiNiJ9",
          "dependencies": [
            "google_compute_address.static",
            "google_compute_firewall.ssh-rule",
            "google_compute_network.vpc_network"
          ]
        },
        {
          "index_key": 2,
          "schema_version": 6,
          "attributes": {
            "advanced_machine_features": [],
            "allow_stopping_for_update": null,
            "attached_disk": [],
            "boot_disk": [
              {
                "auto_delete": true,
                "device_name": "persistent-disk-0",
                "disk_encryption_key_raw": "",
                "disk_encryption_key_sha256": "",
                "initialize_params": [
                  {
                    "image": "https://www.googleapis.com/compute/v1/projects/centos-cloud/global/images/centos-7-v20210817",
                    "labels": {},
                    "size": 20,
                    "type": "pd-standard"
                  }
                ],
                "kms_key_self_link": "",
                "mode": "READ_WRITE",
                "source": "https://www.googleapis.com/compute/v1/projects/starry-battery-311303/zones/us-east1-b/disks/backendvm-2"
              }
            ],
            "can_ip_forward": false,
            "confidential_instance_config": [],
            "cpu_platform": "Intel Haswell",
            "current_status": "RUNNING",
            "deletion_protection": false,
            "description": "",
            "desired_status": null,
            "enable_display": false,
            "guest_accelerator": [],
            "hostname": "",
            "id": "projects/starry-battery-311303/zones/us-east1-b/instances/backendvm-2",
            "instance_id": "7475533007313310431",
            "label_fingerprint": "42WmSpB8rSM=",
            "labels": null,
            "machine_type": "f1-micro",
            "metadata": {
              "ssh-keys": "ssh-rsa AAAAB3NzaC1yc2EAAAADAQABAAABgQDWnhZWt0DaxK8lNSw5lSGkU3Ukc+0FKHQ7VlM4m1FNIBV4IK22M+MkwzxjKTXJb7yR2kNc30x16q34EeQBaGQ1UBxDWKAB8NqjAbAvHuitw4VQxzdedHuFPyfOBkrRpzsNzye8U1GJAUemkEokg2SVlZewucZ8d4I/9QTP/gGxL7XgxRiDsngWgJqBdIbBxo2C2ywp9mG7D4z5PcRIGpRiIWb6sWYfwxVSud3okyMvb6PGWo1QPddQLXxF6RyUpdi5ZJHeedrp+3Q7YAAMXTBGNxEcPESOvOIR2Qu+GmFlJdGRowr8XSIjgqxii+MKLD25l2AadPHtiYgYiktVdeW/aSEG9KUjQgqZiCPDGbyPJfz17+bTylMRAaMtN8XJj9fV8DuZJcl8W/LJ2Z46Iv0f6r573kjpJkUJZP77HQO+Vu2djqSfESUQIwwIeH1u62cp1tZpNN258goDGHPfIxJmGyT7W0nNd+0W46BFASscqZvJDmg70jDj093fiYqYVsk= basatrij@Bambangs-MacBook-Pro.local\n"
            },
            "metadata_fingerprint": "VQ7fRRWvQ84=",
            "metadata_startup_script": "",
            "min_cpu_platform": "",
            "name": "backendvm-2",
            "network_interface": [
              {
                "access_config": [
                  {
                    "nat_ip": "35.227.102.169",
                    "network_tier": "PREMIUM",
                    "public_ptr_domain_name": ""
                  }
                ],
                "alias_ip_range": [],
                "name": "nic0",
                "network": "https://www.googleapis.com/compute/v1/projects/starry-battery-311303/global/networks/terraform-network-2",
                "network_ip": "10.142.0.4",
                "nic_type": "",
                "subnetwork": "https://www.googleapis.com/compute/v1/projects/starry-battery-311303/regions/us-east1/subnetworks/terraform-network-2",
                "subnetwork_project": "starry-battery-311303"
              }
            ],
            "project": "starry-battery-311303",
            "reservation_affinity": [],
            "resource_policies": null,
            "scheduling": [
              {
                "automatic_restart": true,
                "min_node_cpus": 0,
                "node_affinities": [],
                "on_host_maintenance": "MIGRATE",
                "preemptible": false
              }
            ],
            "scratch_disk": [],
            "self_link": "https://www.googleapis.com/compute/v1/projects/starry-battery-311303/zones/us-east1-b/instances/backendvm-2",
            "service_account": [],
            "shielded_instance_config": [
              {
                "enable_integrity_monitoring": true,
                "enable_secure_boot": false,
                "enable_vtpm": true
              }
            ],
            "tags": [
              "backend-vm"
            ],
            "tags_fingerprint": "jOOSrk9a6pY=",
            "timeouts": null,
            "zone": "us-east1-b"
          },
          "sensitive_attributes": [],
          "private": "eyJlMmJmYjczMC1lY2FhLTExZTYtOGY4OC0zNDM2M2JjN2M0YzAiOnsiY3JlYXRlIjoxMjAwMDAwMDAwMDAwLCJkZWxldGUiOjEyMDAwMDAwMDAwMDAsInVwZGF0ZSI6MTIwMDAwMDAwMDAwMH0sInNjaGVtYV92ZXJzaW9uIjoiNiJ9",
          "dependencies": [
            "google_compute_address.static",
            "google_compute_firewall.ssh-rule",
            "google_compute_network.vpc_network"
          ]
        }
      ]
    },
    {
      "mode": "managed",
      "type": "google_compute_network",
      "name": "vpc_network",
      "provider": "provider[\"registry.terraform.io/hashicorp/google\"]",
      "instances": [
        {
          "schema_version": 0,
          "attributes": {
            "auto_create_subnetworks": true,
            "delete_default_routes_on_create": false,
            "description": "",
            "gateway_ipv4": "",
            "id": "projects/starry-battery-311303/global/networks/terraform-network-2",
            "mtu": 0,
            "name": "terraform-network-2",
            "project": "starry-battery-311303",
            "routing_mode": "REGIONAL",
            "self_link": "https://www.googleapis.com/compute/v1/projects/starry-battery-311303/global/networks/terraform-network-2",
            "timeouts": null
          },
          "sensitive_attributes": [],
          "private": "eyJlMmJmYjczMC1lY2FhLTExZTYtOGY4OC0zNDM2M2JjN2M0YzAiOnsiY3JlYXRlIjoyNDAwMDAwMDAwMDAsImRlbGV0ZSI6MjQwMDAwMDAwMDAwLCJ1cGRhdGUiOjI0MDAwMDAwMDAwMH19"
        }
      ]
    },
    {
      "mode": "managed",
      "type": "null_resource",
      "name": "prov_apache",
      "provider": "provider[\"registry.terraform.io/hashicorp/null\"]",
      "instances": [
        {
          "index_key": 0,
          "status": "tainted",
          "schema_version": 0,
          "attributes": {
            "id": "6278237880572928523",
            "triggers": {
              "backend_instance_id": "projects/starry-battery-311303/zones/us-east1-b/instances/backendvm-0,projects/starry-battery-311303/zones/us-east1-b/instances/backendvm-1,projects/starry-battery-311303/zones/us-east1-b/instances/backendvm-2"
            }
          },
          "sensitive_attributes": [],
          "private": "bnVsbA==",
          "dependencies": [
            "google_compute_address.static",
            "google_compute_firewall.ssh-rule",
            "google_compute_instance.backendcluster",
            "google_compute_network.vpc_network"
          ]
        },
        {
          "index_key": 1,
          "status": "tainted",
          "schema_version": 0,
          "attributes": {
            "id": "1026588750342379987",
            "triggers": {
              "backend_instance_id": "projects/starry-battery-311303/zones/us-east1-b/instances/backendvm-0,projects/starry-battery-311303/zones/us-east1-b/instances/backendvm-1,projects/starry-battery-311303/zones/us-east1-b/instances/backendvm-2"
            }
          },
          "sensitive_attributes": [],
          "private": "bnVsbA==",
          "dependencies": [
            "google_compute_address.static",
            "google_compute_firewall.ssh-rule",
            "google_compute_instance.backendcluster",
            "google_compute_network.vpc_network"
          ]
        },
        {
          "index_key": 2,
          "status": "tainted",
          "schema_version": 0,
          "attributes": {
            "id": "2666499658877314815",
            "triggers": {
              "backend_instance_id": "projects/starry-battery-311303/zones/us-east1-b/instances/backendvm-0,projects/starry-battery-311303/zones/us-east1-b/instances/backendvm-1,projects/starry-battery-311303/zones/us-east1-b/instances/backendvm-2"
            }
          },
          "sensitive_attributes": [],
          "private": "bnVsbA==",
          "dependencies": [
            "google_compute_address.static",
            "google_compute_firewall.ssh-rule",
            "google_compute_instance.backendcluster",
            "google_compute_network.vpc_network"
          ]
        }
      ]
    }
  ]
}
